
Microsoft Visual Studio Solution File, Format Version 12.00
# Visual Studio Version 17
VisualStudioVersion = 17.0.32014.148
MinimumVisualStudioVersion = 10.0.40219.1
Project("{FAE04EC0-301F-11D3-BF4B-00C04F79EFBC}") = "SendBootstrapEmail", "SendBootstrapEmail\SendBootstrapEmail.csproj", "{B26E7631-52E9-411B-AC64-A190D65C3155}"
EndProject
Global
	GlobalSection(SolutionConfigurationPlatforms) = preSolution
		Debug|Any CPU = Debug|Any CPU
		Release|Any CPU = Release|Any CPU
	EndGlobalSection
	GlobalSection(ProjectConfigurationPlatforms) = postSolution
		{B26E7631-52E9-411B-AC64-A190D65C3155}.Debug|Any CPU.ActiveCfg = Debug|Any CPU
		{B26E7631-52E9-411B-AC64-A190D65C3155}.Debug|Any CPU.Build.0 = Debug|Any CPU
		{B26E7631-52E9-411B-AC64-A190D65C3155}.Release|Any CPU.ActiveCfg = Release|Any CPU
		{B26E7631-52E9-411B-AC64-A190D65C3155}.Release|Any CPU.Build.0 = Release|Any CPU
	EndGlobalSection
	GlobalSection(SolutionProperties) = preSolution
		HideSolutionNode = FALSE
	EndGlobalSection
	GlobalSection(ExtensibilityGlobals) = postSolution
		SolutionGuid = {748441FA-5BB2-4905-A65F-1FA63570C2BB}
	EndGlobalSection
EndGlobal
